{
  "name": "genesis",
  "lockfileVersion": 3,
  "requires": true,
  "packages": {
    "": {
      "dependencies": {
        "etymonline": "^0.0.1-security"
      }
    },
    "node_modules/etymonline": {
      "version": "0.0.1-security",
      "resolved": "https://registry.npmjs.org/etymonline/-/etymonline-0.0.1-security.tgz",
      "integrity": "sha512-IX9nkhUbFc+LNIcHqB7L0H2+TIUCpv6NCQ0qqGDaECtCkMY/CD1jW9LWuRowkPLu+LrFZ+9lh4HJv7ki48Q1ZQ=="
    }
  }
}
